
Microsoft Visual Studio Solution File, Format Version 12.00
# Visual Studio 15
VisualStudioVersion = 15.0.26730.12
MinimumVisualStudioVersion = 10.0.40219.1
Project("{9A19103F-16F7-4668-BE54-9A1E7A4F7556}") = "PBandJ.Api", "PBandJ.Api\PBandJ.Api.csproj", "{58DE8CBD-D520-4322-9B54-EDB4878CAC2D}"
EndProject
Project("{9A19103F-16F7-4668-BE54-9A1E7A4F7556}") = "PBandJ.Test", "PBandJ.Test\PBandJ.Test.csproj", "{DFDDC1FE-0830-4276-9473-6ABD7383BF14}"
EndProject
Global
	GlobalSection(SolutionConfigurationPlatforms) = preSolution
		Debug|Any CPU = Debug|Any CPU
		Release|Any CPU = Release|Any CPU
	EndGlobalSection
	GlobalSection(ProjectConfigurationPlatforms) = postSolution
		{58DE8CBD-D520-4322-9B54-EDB4878CAC2D}.Debug|Any CPU.ActiveCfg = Debug|Any CPU
		{58DE8CBD-D520-4322-9B54-EDB4878CAC2D}.Debug|Any CPU.Build.0 = Debug|Any CPU
		{58DE8CBD-D520-4322-9B54-EDB4878CAC2D}.Release|Any CPU.ActiveCfg = Release|Any CPU
		{58DE8CBD-D520-4322-9B54-EDB4878CAC2D}.Release|Any CPU.Build.0 = Release|Any CPU
		{DFDDC1FE-0830-4276-9473-6ABD7383BF14}.Debug|Any CPU.ActiveCfg = Debug|Any CPU
		{DFDDC1FE-0830-4276-9473-6ABD7383BF14}.Debug|Any CPU.Build.0 = Debug|Any CPU
		{DFDDC1FE-0830-4276-9473-6ABD7383BF14}.Release|Any CPU.ActiveCfg = Release|Any CPU
		{DFDDC1FE-0830-4276-9473-6ABD7383BF14}.Release|Any CPU.Build.0 = Release|Any CPU
	EndGlobalSection
	GlobalSection(SolutionProperties) = preSolution
		HideSolutionNode = FALSE
	EndGlobalSection
	GlobalSection(ExtensibilityGlobals) = postSolution
		SolutionGuid = {A64B6E00-FE8E-480D-841A-D5A56C85726A}
	EndGlobalSection
EndGlobal
